
Microsoft Visual Studio Solution File, Format Version 12.00
# Visual Studio Version 16
VisualStudioVersion = 16.0.31313.79
MinimumVisualStudioVersion = 10.0.40219.1
Project("{FAE04EC0-301F-11D3-BF4B-00C04F79EFBC}") = "CardGame", "CardGame.csproj", "{CCFC2083-8F7F-46E7-AB2E-0486A7AD936B}"
EndProject
Global
	GlobalSection(SolutionConfigurationPlatforms) = preSolution
		Debug|Any CPU = Debug|Any CPU
		Release|Any CPU = Release|Any CPU
	EndGlobalSection
	GlobalSection(ProjectConfigurationPlatforms) = postSolution
		{CCFC2083-8F7F-46E7-AB2E-0486A7AD936B}.Debug|Any CPU.ActiveCfg = Debug|Any CPU
		{CCFC2083-8F7F-46E7-AB2E-0486A7AD936B}.Debug|Any CPU.Build.0 = Debug|Any CPU
		{CCFC2083-8F7F-46E7-AB2E-0486A7AD936B}.Release|Any CPU.ActiveCfg = Release|Any CPU
		{CCFC2083-8F7F-46E7-AB2E-0486A7AD936B}.Release|Any CPU.Build.0 = Release|Any CPU
	EndGlobalSection
	GlobalSection(SolutionProperties) = preSolution
		HideSolutionNode = FALSE
	EndGlobalSection
	GlobalSection(ExtensibilityGlobals) = postSolution
		SolutionGuid = {B612EEB6-AE4D-4E8D-BB53-AF5C9A9D83E6}
	EndGlobalSection
EndGlobal
